
Microsoft Visual Studio Solution File, Format Version 12.00
Project("{FAE04EC0-301F-11D3-BF4B-00C04F79EFBC}") = "HeroesDemo.App", "HeroesDemo.App\HeroesDemo.App.csproj", "{C327E336-F100-4BC3-9628-180CD6F17D62}"
EndProject
Project("{FAE04EC0-301F-11D3-BF4B-00C04F79EFBC}") = "HeroesDemo.Lib", "HeroesDemo.Lib\HeroesDemo.Lib.csproj", "{FB8B1392-A45A-402A-841E-4A89D449C199}"
EndProject
Global
	GlobalSection(SolutionConfigurationPlatforms) = preSolution
		Debug|Any CPU = Debug|Any CPU
		Release|Any CPU = Release|Any CPU
	EndGlobalSection
	GlobalSection(ProjectConfigurationPlatforms) = postSolution
		{C327E336-F100-4BC3-9628-180CD6F17D62}.Debug|Any CPU.ActiveCfg = Debug|Any CPU
		{C327E336-F100-4BC3-9628-180CD6F17D62}.Debug|Any CPU.Build.0 = Debug|Any CPU
		{C327E336-F100-4BC3-9628-180CD6F17D62}.Release|Any CPU.ActiveCfg = Release|Any CPU
		{C327E336-F100-4BC3-9628-180CD6F17D62}.Release|Any CPU.Build.0 = Release|Any CPU
		{FB8B1392-A45A-402A-841E-4A89D449C199}.Debug|Any CPU.ActiveCfg = Debug|Any CPU
		{FB8B1392-A45A-402A-841E-4A89D449C199}.Debug|Any CPU.Build.0 = Debug|Any CPU
		{FB8B1392-A45A-402A-841E-4A89D449C199}.Release|Any CPU.ActiveCfg = Release|Any CPU
		{FB8B1392-A45A-402A-841E-4A89D449C199}.Release|Any CPU.Build.0 = Release|Any CPU
	EndGlobalSection
EndGlobal
